
Microsoft Visual Studio Solution File, Format Version 12.00
# Visual Studio Version 16
VisualStudioVersion = 16.0.30128.74
MinimumVisualStudioVersion = 10.0.40219.1
Project("{FAE04EC0-301F-11D3-BF4B-00C04F79EFBC}") = "SchoolManagment", "SchoolManagment\SchoolManagment.csproj", "{0590EF0A-129C-49F1-BEA1-EF5B68AB47F8}"
EndProject
Global
	GlobalSection(SolutionConfigurationPlatforms) = preSolution
		Debug|Any CPU = Debug|Any CPU
		Release|Any CPU = Release|Any CPU
	EndGlobalSection
	GlobalSection(ProjectConfigurationPlatforms) = postSolution
		{0590EF0A-129C-49F1-BEA1-EF5B68AB47F8}.Debug|Any CPU.ActiveCfg = Debug|Any CPU
		{0590EF0A-129C-49F1-BEA1-EF5B68AB47F8}.Debug|Any CPU.Build.0 = Debug|Any CPU
		{0590EF0A-129C-49F1-BEA1-EF5B68AB47F8}.Release|Any CPU.ActiveCfg = Release|Any CPU
		{0590EF0A-129C-49F1-BEA1-EF5B68AB47F8}.Release|Any CPU.Build.0 = Release|Any CPU
	EndGlobalSection
	GlobalSection(SolutionProperties) = preSolution
		HideSolutionNode = FALSE
	EndGlobalSection
	GlobalSection(ExtensibilityGlobals) = postSolution
		SolutionGuid = {FCFE5072-F1A6-481D-B87B-3D2E6A90B2BA}
	EndGlobalSection
EndGlobal
